
Microsoft Visual Studio Solution File, Format Version 12.00
# Visual Studio 14
VisualStudioVersion = 14.0.25420.1
MinimumVisualStudioVersion = 10.0.40219.1
Project("{2150E333-8FDC-42A3-9474-1A3956D46DE8}") = "src", "src", "{B2D900E7-FD9B-483A-9288-42B621332CEC}"
EndProject
Project("{2150E333-8FDC-42A3-9474-1A3956D46DE8}") = "Solution Items", "Solution Items", "{78C7D89F-709F-4BCC-9CA4-9D7CFB3A43AE}"
	ProjectSection(SolutionItems) = preProject
		global.json = global.json
	EndProjectSection
EndProject
Project("{8BB2217D-0F2D-49D1-97BC-3654ED321F3B}") = "RecipeCalculator", "src\WebApplication1\RecipeCalculator.xproj", "{DB5B16B5-C9FC-418B-A86B-E6C983977A44}"
EndProject
Project("{2150E333-8FDC-42A3-9474-1A3956D46DE8}") = "test", "test", "{077CD147-145B-49BB-BEBC-7DC9638C0D18}"
EndProject
Project("{FAE04EC0-301F-11D3-BF4B-00C04F79EFBC}") = "specs", "specs\specs.csproj", "{BC2747EC-38F3-4D44-B7E9-8D1CB871F76B}"
EndProject
Global
	GlobalSection(SolutionConfigurationPlatforms) = preSolution
		Debug|Any CPU = Debug|Any CPU
		Release|Any CPU = Release|Any CPU
	EndGlobalSection
	GlobalSection(ProjectConfigurationPlatforms) = postSolution
		{DB5B16B5-C9FC-418B-A86B-E6C983977A44}.Debug|Any CPU.ActiveCfg = Debug|Any CPU
		{DB5B16B5-C9FC-418B-A86B-E6C983977A44}.Debug|Any CPU.Build.0 = Debug|Any CPU
		{DB5B16B5-C9FC-418B-A86B-E6C983977A44}.Release|Any CPU.ActiveCfg = Release|Any CPU
		{DB5B16B5-C9FC-418B-A86B-E6C983977A44}.Release|Any CPU.Build.0 = Release|Any CPU
		{BC2747EC-38F3-4D44-B7E9-8D1CB871F76B}.Debug|Any CPU.ActiveCfg = Debug|Any CPU
		{BC2747EC-38F3-4D44-B7E9-8D1CB871F76B}.Debug|Any CPU.Build.0 = Debug|Any CPU
		{BC2747EC-38F3-4D44-B7E9-8D1CB871F76B}.Release|Any CPU.ActiveCfg = Release|Any CPU
		{BC2747EC-38F3-4D44-B7E9-8D1CB871F76B}.Release|Any CPU.Build.0 = Release|Any CPU
	EndGlobalSection
	GlobalSection(SolutionProperties) = preSolution
		HideSolutionNode = FALSE
	EndGlobalSection
	GlobalSection(NestedProjects) = preSolution
		{DB5B16B5-C9FC-418B-A86B-E6C983977A44} = {B2D900E7-FD9B-483A-9288-42B621332CEC}
		{BC2747EC-38F3-4D44-B7E9-8D1CB871F76B} = {077CD147-145B-49BB-BEBC-7DC9638C0D18}
	EndGlobalSection
EndGlobal
